
Microsoft Visual Studio Solution File, Format Version 12.00
# Visual Studio Version 17
VisualStudioVersion = 17.7.34221.43
MinimumVisualStudioVersion = 10.0.40219.1
Project("{FAE04EC0-301F-11D3-BF4B-00C04F79EFBC}") = "ToDoListApp", "ToDoListApp\ToDoListApp.csproj", "{3D16B6F7-26CD-48D6-9A9B-3EA20889BA9F}"
EndProject
Global
	GlobalSection(SolutionConfigurationPlatforms) = preSolution
		Debug|Any CPU = Debug|Any CPU
		Release|Any CPU = Release|Any CPU
	EndGlobalSection
	GlobalSection(ProjectConfigurationPlatforms) = postSolution
		{3D16B6F7-26CD-48D6-9A9B-3EA20889BA9F}.Debug|Any CPU.ActiveCfg = Debug|Any CPU
		{3D16B6F7-26CD-48D6-9A9B-3EA20889BA9F}.Debug|Any CPU.Build.0 = Debug|Any CPU
		{3D16B6F7-26CD-48D6-9A9B-3EA20889BA9F}.Release|Any CPU.ActiveCfg = Release|Any CPU
		{3D16B6F7-26CD-48D6-9A9B-3EA20889BA9F}.Release|Any CPU.Build.0 = Release|Any CPU
	EndGlobalSection
	GlobalSection(SolutionProperties) = preSolution
		HideSolutionNode = FALSE
	EndGlobalSection
	GlobalSection(ExtensibilityGlobals) = postSolution
		SolutionGuid = {4CF81A22-07B3-46F4-A003-36DAE873C75B}
	EndGlobalSection
EndGlobal
